
Microsoft Visual Studio Solution File, Format Version 12.00
# Visual Studio 2012
Project("{FAE04EC0-301F-11D3-BF4B-00C04F79EFBC}") = "calc", "calc\calc.csproj", "{3E4D44B0-E347-4FED-8158-C60467A93236}"
EndProject
Global
	GlobalSection(SolutionConfigurationPlatforms) = preSolution
		Debug|Any CPU = Debug|Any CPU
		Release|Any CPU = Release|Any CPU
	EndGlobalSection
	GlobalSection(ProjectConfigurationPlatforms) = postSolution
		{3E4D44B0-E347-4FED-8158-C60467A93236}.Debug|Any CPU.ActiveCfg = Debug|Any CPU
		{3E4D44B0-E347-4FED-8158-C60467A93236}.Debug|Any CPU.Build.0 = Debug|Any CPU
		{3E4D44B0-E347-4FED-8158-C60467A93236}.Release|Any CPU.ActiveCfg = Release|Any CPU
		{3E4D44B0-E347-4FED-8158-C60467A93236}.Release|Any CPU.Build.0 = Release|Any CPU
	EndGlobalSection
EndGlobal
